# THIS IS AN AUTOGENERATED FILE. DO NOT EDIT THIS FILE DIRECTLY.
# yarn lockfile v1


miniprogram-api-typings@^2.10.4:
  version "2.10.4"
  resolved "https://registry.npm.taobao.org/miniprogram-api-typings/download/miniprogram-api-typings-2.10.4.tgz#13165d1e77084c3ec79ec93d8c74974f77425eb0"
  integrity sha1-ExZdHncITD7Hnsk9jHSXT3dCXrA=
